
Microsoft Visual Studio Solution File, Format Version 12.00
# Visual Studio Version 16
VisualStudioVersion = 16.0.32228.343
MinimumVisualStudioVersion = 10.0.40219.1
Project("{FAE04EC0-301F-11D3-BF4B-00C04F79EFBC}") = "ConsoleApp3", "ConsoleApp3\ConsoleApp3.csproj", "{E178C5BD-1A95-4182-A5A8-2013F32534E7}"
EndProject
Global
	GlobalSection(SolutionConfigurationPlatforms) = preSolution
		Debug|Any CPU = Debug|Any CPU
		Release|Any CPU = Release|Any CPU
	EndGlobalSection
	GlobalSection(ProjectConfigurationPlatforms) = postSolution
		{E178C5BD-1A95-4182-A5A8-2013F32534E7}.Debug|Any CPU.ActiveCfg = Debug|Any CPU
		{E178C5BD-1A95-4182-A5A8-2013F32534E7}.Debug|Any CPU.Build.0 = Debug|Any CPU
		{E178C5BD-1A95-4182-A5A8-2013F32534E7}.Release|Any CPU.ActiveCfg = Release|Any CPU
		{E178C5BD-1A95-4182-A5A8-2013F32534E7}.Release|Any CPU.Build.0 = Release|Any CPU
	EndGlobalSection
	GlobalSection(SolutionProperties) = preSolution
		HideSolutionNode = FALSE
	EndGlobalSection
	GlobalSection(ExtensibilityGlobals) = postSolution
		SolutionGuid = {FB77DF84-14B7-4D22-A611-2B7BBEDDB581}
	EndGlobalSection
EndGlobal
