
Microsoft Visual Studio Solution File, Format Version 12.00
# Visual Studio Version 16
VisualStudioVersion = 16.0.32228.343
MinimumVisualStudioVersion = 10.0.40219.1
Project("{FAE04EC0-301F-11D3-BF4B-00C04F79EFBC}") = "nwa", "nwa\nwa.csproj", "{CAF57097-92DA-45BF-8A54-634546CC8787}"
	ProjectSection(ProjectDependencies) = postProject
		{1B2FC633-86EA-47DB-99C5-9FC2C9FFFAD0} = {1B2FC633-86EA-47DB-99C5-9FC2C9FFFAD0}
		{2F3B79CC-44BC-4B6E-B64D-30F303821313} = {2F3B79CC-44BC-4B6E-B64D-30F303821313}
		{030045D2-0093-4906-B47A-A6CAE5D088FC} = {030045D2-0093-4906-B47A-A6CAE5D088FC}
	EndProjectSection
EndProject
Project("{FAE04EC0-301F-11D3-BF4B-00C04F79EFBC}") = "Person.Service.Common", "Person.Service.Common\Person.Service.Common.csproj", "{1B2FC633-86EA-47DB-99C5-9FC2C9FFFAD0}"
	ProjectSection(ProjectDependencies) = postProject
		{2F3B79CC-44BC-4B6E-B64D-30F303821313} = {2F3B79CC-44BC-4B6E-B64D-30F303821313}
	EndProjectSection
EndProject
Project("{FAE04EC0-301F-11D3-BF4B-00C04F79EFBC}") = "Person.Service", "Person.Service\Person.Service.csproj", "{030045D2-0093-4906-B47A-A6CAE5D088FC}"
	ProjectSection(ProjectDependencies) = postProject
		{1B2FC633-86EA-47DB-99C5-9FC2C9FFFAD0} = {1B2FC633-86EA-47DB-99C5-9FC2C9FFFAD0}
		{2F3B79CC-44BC-4B6E-B64D-30F303821313} = {2F3B79CC-44BC-4B6E-B64D-30F303821313}
		{C0F04AF3-941C-41D8-9D06-D62FDD8A28FC} = {C0F04AF3-941C-41D8-9D06-D62FDD8A28FC}
	EndProjectSection
EndProject
Project("{FAE04EC0-301F-11D3-BF4B-00C04F79EFBC}") = "Person.Repository.Common", "Person.Repository.Common\Person.Repository.Common.csproj", "{B0EE7655-8A53-4B17-8697-8671FC291CD4}"
EndProject
Project("{FAE04EC0-301F-11D3-BF4B-00C04F79EFBC}") = "Person.Repository", "Person.Repository\Person.Repository.csproj", "{C0F04AF3-941C-41D8-9D06-D62FDD8A28FC}"
	ProjectSection(ProjectDependencies) = postProject
		{B0EE7655-8A53-4B17-8697-8671FC291CD4} = {B0EE7655-8A53-4B17-8697-8671FC291CD4}
		{2F3B79CC-44BC-4B6E-B64D-30F303821313} = {2F3B79CC-44BC-4B6E-B64D-30F303821313}
	EndProjectSection
EndProject
Project("{FAE04EC0-301F-11D3-BF4B-00C04F79EFBC}") = "Person.Model.Common", "Person.Model.Common\Person.Model.Common.csproj", "{BA3A3E32-4B22-4E29-AD4F-880F1569EE9A}"
EndProject
Project("{FAE04EC0-301F-11D3-BF4B-00C04F79EFBC}") = "Person.Model", "Person.Model\Person.Model.csproj", "{2F3B79CC-44BC-4B6E-B64D-30F303821313}"
	ProjectSection(ProjectDependencies) = postProject
		{BA3A3E32-4B22-4E29-AD4F-880F1569EE9A} = {BA3A3E32-4B22-4E29-AD4F-880F1569EE9A}
	EndProjectSection
EndProject
Project("{FAE04EC0-301F-11D3-BF4B-00C04F79EFBC}") = "Person.DAL", "Person.DAL\Person.DAL.csproj", "{86DD4E70-1BA7-4C19-BA2B-8F37033594F7}"
EndProject
Project("{FAE04EC0-301F-11D3-BF4B-00C04F79EFBC}") = "Person.Common", "Person.Common\Person.Common.csproj", "{4435990A-7075-4723-A0D2-36632D27E990}"
EndProject
Global
	GlobalSection(SolutionConfigurationPlatforms) = preSolution
		Debug|Any CPU = Debug|Any CPU
		Release|Any CPU = Release|Any CPU
	EndGlobalSection
	GlobalSection(ProjectConfigurationPlatforms) = postSolution
		{CAF57097-92DA-45BF-8A54-634546CC8787}.Debug|Any CPU.ActiveCfg = Debug|Any CPU
		{CAF57097-92DA-45BF-8A54-634546CC8787}.Debug|Any CPU.Build.0 = Debug|Any CPU
		{CAF57097-92DA-45BF-8A54-634546CC8787}.Release|Any CPU.ActiveCfg = Release|Any CPU
		{CAF57097-92DA-45BF-8A54-634546CC8787}.Release|Any CPU.Build.0 = Release|Any CPU
		{1B2FC633-86EA-47DB-99C5-9FC2C9FFFAD0}.Debug|Any CPU.ActiveCfg = Debug|Any CPU
		{1B2FC633-86EA-47DB-99C5-9FC2C9FFFAD0}.Debug|Any CPU.Build.0 = Debug|Any CPU
		{1B2FC633-86EA-47DB-99C5-9FC2C9FFFAD0}.Release|Any CPU.ActiveCfg = Release|Any CPU
		{1B2FC633-86EA-47DB-99C5-9FC2C9FFFAD0}.Release|Any CPU.Build.0 = Release|Any CPU
		{030045D2-0093-4906-B47A-A6CAE5D088FC}.Debug|Any CPU.ActiveCfg = Debug|Any CPU
		{030045D2-0093-4906-B47A-A6CAE5D088FC}.Debug|Any CPU.Build.0 = Debug|Any CPU
		{030045D2-0093-4906-B47A-A6CAE5D088FC}.Release|Any CPU.ActiveCfg = Release|Any CPU
		{030045D2-0093-4906-B47A-A6CAE5D088FC}.Release|Any CPU.Build.0 = Release|Any CPU
		{B0EE7655-8A53-4B17-8697-8671FC291CD4}.Debug|Any CPU.ActiveCfg = Debug|Any CPU
		{B0EE7655-8A53-4B17-8697-8671FC291CD4}.Debug|Any CPU.Build.0 = Debug|Any CPU
		{B0EE7655-8A53-4B17-8697-8671FC291CD4}.Release|Any CPU.ActiveCfg = Release|Any CPU
		{B0EE7655-8A53-4B17-8697-8671FC291CD4}.Release|Any CPU.Build.0 = Release|Any CPU
		{C0F04AF3-941C-41D8-9D06-D62FDD8A28FC}.Debug|Any CPU.ActiveCfg = Debug|Any CPU
		{C0F04AF3-941C-41D8-9D06-D62FDD8A28FC}.Debug|Any CPU.Build.0 = Debug|Any CPU
		{C0F04AF3-941C-41D8-9D06-D62FDD8A28FC}.Release|Any CPU.ActiveCfg = Release|Any CPU
		{C0F04AF3-941C-41D8-9D06-D62FDD8A28FC}.Release|Any CPU.Build.0 = Release|Any CPU
		{BA3A3E32-4B22-4E29-AD4F-880F1569EE9A}.Debug|Any CPU.ActiveCfg = Debug|Any CPU
		{BA3A3E32-4B22-4E29-AD4F-880F1569EE9A}.Debug|Any CPU.Build.0 = Debug|Any CPU
		{BA3A3E32-4B22-4E29-AD4F-880F1569EE9A}.Release|Any CPU.ActiveCfg = Release|Any CPU
		{BA3A3E32-4B22-4E29-AD4F-880F1569EE9A}.Release|Any CPU.Build.0 = Release|Any CPU
		{2F3B79CC-44BC-4B6E-B64D-30F303821313}.Debug|Any CPU.ActiveCfg = Debug|Any CPU
		{2F3B79CC-44BC-4B6E-B64D-30F303821313}.Debug|Any CPU.Build.0 = Debug|Any CPU
		{2F3B79CC-44BC-4B6E-B64D-30F303821313}.Release|Any CPU.ActiveCfg = Release|Any CPU
		{2F3B79CC-44BC-4B6E-B64D-30F303821313}.Release|Any CPU.Build.0 = Release|Any CPU
		{86DD4E70-1BA7-4C19-BA2B-8F37033594F7}.Debug|Any CPU.ActiveCfg = Debug|Any CPU
		{86DD4E70-1BA7-4C19-BA2B-8F37033594F7}.Debug|Any CPU.Build.0 = Debug|Any CPU
		{86DD4E70-1BA7-4C19-BA2B-8F37033594F7}.Release|Any CPU.ActiveCfg = Release|Any CPU
		{86DD4E70-1BA7-4C19-BA2B-8F37033594F7}.Release|Any CPU.Build.0 = Release|Any CPU
		{4435990A-7075-4723-A0D2-36632D27E990}.Debug|Any CPU.ActiveCfg = Debug|Any CPU
		{4435990A-7075-4723-A0D2-36632D27E990}.Debug|Any CPU.Build.0 = Debug|Any CPU
		{4435990A-7075-4723-A0D2-36632D27E990}.Release|Any CPU.ActiveCfg = Release|Any CPU
		{4435990A-7075-4723-A0D2-36632D27E990}.Release|Any CPU.Build.0 = Release|Any CPU
	EndGlobalSection
	GlobalSection(SolutionProperties) = preSolution
		HideSolutionNode = FALSE
	EndGlobalSection
	GlobalSection(ExtensibilityGlobals) = postSolution
		SolutionGuid = {AB6A7E2D-03B0-4076-AD91-2B893ADE85BF}
	EndGlobalSection
EndGlobal
